// !$*UTF8*$!
{
	archiveVersion = 1;
	classes = {
	};
	objectVersion = 51;
	objects = {

/* Begin PBXBuildFile section */
		08B5BF1EC442C877B96E0216 /* Pods_GPCamp3.framework in Frameworks */ = {isa = PBXBuildFile; fileRef = 6BDCFEA3DC8BD55207A84CA8 /* Pods_GPCamp3.framework */; };
		9665AE5023A60DBB0098DD3E /* Home.storyboard in Resources */ = {isa = PBXBuildFile; fileRef = 9665AE4F23A60DBB0098DD3E /* Home.storyboard */; };
		9665AE5223A60DD70098DD3E /* Rental.storyboard in Resources */ = {isa = PBXBuildFile; fileRef = 9665AE5123A60DD70098DD3E /* Rental.storyboard */; };
		9665AE5423A60DF10098DD3E /* HomeViewController.swift in Sources */ = {isa = PBXBuildFile; fileRef = 9665AE5323A60DF10098DD3E /* HomeViewController.swift */; };
		9665AE5623A60DFE0098DD3E /* RentalViewController.swift in Sources */ = {isa = PBXBuildFile; fileRef = 9665AE5523A60DFE0098DD3E /* RentalViewController.swift */; };
		9669A1B423AC8841008A6944 /* MapSelectClass.swift in Sources */ = {isa = PBXBuildFile; fileRef = 9669A1B323AC8841008A6944 /* MapSelectClass.swift */; };
		9681793E23A6138100F2EC11 /* Map.storyboard in Resources */ = {isa = PBXBuildFile; fileRef = 9681793D23A6138100F2EC11 /* Map.storyboard */; };
		9681794023A6138900F2EC11 /* Point.storyboard in Resources */ = {isa = PBXBuildFile; fileRef = 9681793F23A6138900F2EC11 /* Point.storyboard */; };
		9681794223A613A800F2EC11 /* Config.storyboard in Resources */ = {isa = PBXBuildFile; fileRef = 9681794123A613A800F2EC11 /* Config.storyboard */; };
		9681794423A613BD00F2EC11 /* MapViewController.swift in Sources */ = {isa = PBXBuildFile; fileRef = 9681794323A613BD00F2EC11 /* MapViewController.swift */; };
		9681794623A613C700F2EC11 /* PointViewController.swift in Sources */ = {isa = PBXBuildFile; fileRef = 9681794523A613C700F2EC11 /* PointViewController.swift */; };
		9681794823A613D100F2EC11 /* ConfigViewController.swift in Sources */ = {isa = PBXBuildFile; fileRef = 9681794723A613D100F2EC11 /* ConfigViewController.swift */; };
		96F5D33923ADB649002E75DC /* RentalDetailViewController.swift in Sources */ = {isa = PBXBuildFile; fileRef = 96F5D33823ADB649002E75DC /* RentalDetailViewController.swift */; };
		96FBC5CC23A60BAF003C4068 /* AppDelegate.swift in Sources */ = {isa = PBXBuildFile; fileRef = 96FBC5CB23A60BAF003C4068 /* AppDelegate.swift */; };
		96FBC5CE23A60BAF003C4068 /* SceneDelegate.swift in Sources */ = {isa = PBXBuildFile; fileRef = 96FBC5CD23A60BAF003C4068 /* SceneDelegate.swift */; };
		96FBC5D523A60BB0003C4068 /* Assets.xcassets in Resources */ = {isa = PBXBuildFile; fileRef = 96FBC5D423A60BB0003C4068 /* Assets.xcassets */; };
		96FBC5D823A60BB0003C4068 /* LaunchScreen.storyboard in Resources */ = {isa = PBXBuildFile; fileRef = 96FBC5D623A60BB0003C4068 /* LaunchScreen.storyboard */; };
		96FBC5E223A60CA6003C4068 /* Main.storyboard in Resources */ = {isa = PBXBuildFile; fileRef = 96FBC5E123A60CA6003C4068 /* Main.storyboard */; };
/* End PBXBuildFile section */

/* Begin PBXFileReference section */
		50A24E4807B4F2A3D7B37120 /* Pods-GPCamp3.release.xcconfig */ = {isa = PBXFileReference; includeInIndex = 1; lastKnownFileType = text.xcconfig; name = "Pods-GPCamp3.release.xcconfig"; path = "Target Support Files/Pods-GPCamp3/Pods-GPCamp3.release.xcconfig"; sourceTree = "<group>"; };
		6BDCFEA3DC8BD55207A84CA8 /* Pods_GPCamp3.framework */ = {isa = PBXFileReference; explicitFileType = wrapper.framework; includeInIndex = 0; path = Pods_GPCamp3.framework; sourceTree = BUILT_PRODUCTS_DIR; };
		92658F0D474E8149EEB54616 /* Pods-GPCamp3.debug.xcconfig */ = {isa = PBXFileReference; includeInIndex = 1; lastKnownFileType = text.xcconfig; name = "Pods-GPCamp3.debug.xcconfig"; path = "Target Support Files/Pods-GPCamp3/Pods-GPCamp3.debug.xcconfig"; sourceTree = "<group>"; };
		9665AE4F23A60DBB0098DD3E /* Home.storyboard */ = {isa = PBXFileReference; lastKnownFileType = file.storyboard; path = Home.storyboard; sourceTree = "<group>"; };
		9665AE5123A60DD70098DD3E /* Rental.storyboard */ = {isa = PBXFileReference; lastKnownFileType = file.storyboard; path = Rental.storyboard; sourceTree = "<group>"; };
		9665AE5323A60DF10098DD3E /* HomeViewController.swift */ = {isa = PBXFileReference; lastKnownFileType = sourcecode.swift; path = HomeViewController.swift; sourceTree = "<group>"; };
		9665AE5523A60DFE0098DD3E /* RentalViewController.swift */ = {isa = PBXFileReference; lastKnownFileType = sourcecode.swift; path = RentalViewController.swift; sourceTree = "<group>"; };
		9669A1B323AC8841008A6944 /* MapSelectClass.swift */ = {isa = PBXFileReference; lastKnownFileType = sourcecode.swift; path = MapSelectClass.swift; sourceTree = "<group>"; };
		9681793D23A6138100F2EC11 /* Map.storyboard */ = {isa = PBXFileReference; lastKnownFileType = file.storyboard; path = Map.storyboard; sourceTree = "<group>"; };
		9681793F23A6138900F2EC11 /* Point.storyboard */ = {isa = PBXFileReference; lastKnownFileType = file.storyboard; path = Point.storyboard; sourceTree = "<group>"; };
		9681794123A613A800F2EC11 /* Config.storyboard */ = {isa = PBXFileReference; lastKnownFileType = file.storyboard; path = Config.storyboard; sourceTree = "<group>"; };
		9681794323A613BD00F2EC11 /* MapViewController.swift */ = {isa = PBXFileReference; lastKnownFileType = sourcecode.swift; path = MapViewController.swift; sourceTree = "<group>"; };
		9681794523A613C700F2EC11 /* PointViewController.swift */ = {isa = PBXFileReference; lastKnownFileType = sourcecode.swift; path = PointViewController.swift; sourceTree = "<group>"; };
		9681794723A613D100F2EC11 /* ConfigViewController.swift */ = {isa = PBXFileReference; lastKnownFileType = sourcecode.swift; path = ConfigViewController.swift; sourceTree = "<group>"; };
		96F5D33823ADB649002E75DC /* RentalDetailViewController.swift */ = {isa = PBXFileReference; lastKnownFileType = sourcecode.swift; path = RentalDetailViewController.swift; sourceTree = "<group>"; };
		96FBC5C823A60BAF003C4068 /* GPCamp3.app */ = {isa = PBXFileReference; explicitFileType = wrapper.application; includeInIndex = 0; path = GPCamp3.app; sourceTree = BUILT_PRODUCTS_DIR; };
		96FBC5CB23A60BAF003C4068 /* AppDelegate.swift */ = {isa = PBXFileReference; lastKnownFileType = sourcecode.swift; path = AppDelegate.swift; sourceTree = "<group>"; };
		96FBC5CD23A60BAF003C4068 /* SceneDelegate.swift */ = {isa = PBXFileReference; lastKnownFileType = sourcecode.swift; path = SceneDelegate.swift; sourceTree = "<group>"; };
		96FBC5D423A60BB0003C4068 /* Assets.xcassets */ = {isa = PBXFileReference; lastKnownFileType = folder.assetcatalog; path = Assets.xcassets; sourceTree = "<group>"; };
		96FBC5D723A60BB0003C4068 /* Base */ = {isa = PBXFileReference; lastKnownFileType = file.storyboard; name = Base; path = Base.lproj/LaunchScreen.storyboard; sourceTree = "<group>"; };
		96FBC5D923A60BB0003C4068 /* Info.plist */ = {isa = PBXFileReference; lastKnownFileType = text.plist.xml; path = Info.plist; sourceTree = "<group>"; };
		96FBC5E123A60CA6003C4068 /* Main.storyboard */ = {isa = PBXFileReference; lastKnownFileType = file.storyboard; path = Main.storyboard; sourceTree = "<group>"; };
/* End PBXFileReference section */

/* Begin PBXFrameworksBuildPhase section */
		96FBC5C523A60BAF003C4068 /* Frameworks */ = {
			isa = PBXFrameworksBuildPhase;
			buildActionMask = 2147483647;
			files = (
				08B5BF1EC442C877B96E0216 /* Pods_GPCamp3.framework in Frameworks */,
			);
			runOnlyForDeploymentPostprocessing = 0;
		};
/* End PBXFrameworksBuildPhase section */

/* Begin PBXGroup section */
		44432D2494DBF785694EF8DC /* Frameworks */ = {
			isa = PBXGroup;
			children = (
				6BDCFEA3DC8BD55207A84CA8 /* Pods_GPCamp3.framework */,
			);
			name = Frameworks;
			sourceTree = "<group>";
		};
		9669A1B223AC880D008A6944 /* Model */ = {
			isa = PBXGroup;
			children = (
				9669A1B323AC8841008A6944 /* MapSelectClass.swift */,
			);
			path = Model;
			sourceTree = "<group>";
		};
		96FBC5BF23A60BAE003C4068 = {
			isa = PBXGroup;
			children = (
				96FBC5CA23A60BAF003C4068 /* GPCamp3 */,
				96FBC5C923A60BAF003C4068 /* Products */,
				EF802CB4664FC3D74ED45BD8 /* Pods */,
				44432D2494DBF785694EF8DC /* Frameworks */,
			);
			sourceTree = "<group>";
		};
		96FBC5C923A60BAF003C4068 /* Products */ = {
			isa = PBXGroup;
			children = (
				96FBC5C823A60BAF003C4068 /* GPCamp3.app */,
			);
			name = Products;
			sourceTree = "<group>";
		};
		96FBC5CA23A60BAF003C4068 /* GPCamp3 */ = {
			isa = PBXGroup;
			children = (
				96FBC5CB23A60BAF003C4068 /* AppDelegate.swift */,
				96FBC5E023A60C0A003C4068 /* StoryBorad */,
				96FBC5DF23A60BFE003C4068 /* Controller */,
				9669A1B223AC880D008A6944 /* Model */,
				96FBC5CD23A60BAF003C4068 /* SceneDelegate.swift */,
				96FBC5D423A60BB0003C4068 /* Assets.xcassets */,
				96FBC5D623A60BB0003C4068 /* LaunchScreen.storyboard */,
				96FBC5D923A60BB0003C4068 /* Info.plist */,
			);
			path = GPCamp3;
			sourceTree = "<group>";
		};
		96FBC5DF23A60BFE003C4068 /* Controller */ = {
			isa = PBXGroup;
			children = (
				9665AE5323A60DF10098DD3E /* HomeViewController.swift */,
				9665AE5523A60DFE0098DD3E /* RentalViewController.swift */,
				96F5D33823ADB649002E75DC /* RentalDetailViewController.swift */,
				9681794323A613BD00F2EC11 /* MapViewController.swift */,
				9681794523A613C700F2EC11 /* PointViewController.swift */,
				9681794723A613D100F2EC11 /* ConfigViewController.swift */,
			);
			path = Controller;
			sourceTree = "<group>";
		};
		96FBC5E023A60C0A003C4068 /* StoryBorad */ = {
			isa = PBXGroup;
			children = (
				96FBC5E123A60CA6003C4068 /* Main.storyboard */,
				9665AE4F23A60DBB0098DD3E /* Home.storyboard */,
				9665AE5123A60DD70098DD3E /* Rental.storyboard */,
				9681793D23A6138100F2EC11 /* Map.storyboard */,
				9681793F23A6138900F2EC11 /* Point.storyboard */,
				9681794123A613A800F2EC11 /* Config.storyboard */,
			);
			path = StoryBorad;
			sourceTree = "<group>";
		};
		EF802CB4664FC3D74ED45BD8 /* Pods */ = {
			isa = PBXGroup;
			children = (
				92658F0D474E8149EEB54616 /* Pods-GPCamp3.debug.xcconfig */,
				50A24E4807B4F2A3D7B37120 /* Pods-GPCamp3.release.xcconfig */,
			);
			path = Pods;
			sourceTree = "<group>";
		};
/* End PBXGroup section */

/* Begin PBXNativeTarget section */
		96FBC5C723A60BAF003C4068 /* GPCamp3 */ = {
			isa = PBXNativeTarget;
			buildConfigurationList = 96FBC5DC23A60BB0003C4068 /* Build configuration list for PBXNativeTarget "GPCamp3" */;
			buildPhases = (
				575F2DA35ECB01A94F0F44CF /* [CP] Check Pods Manifest.lock */,
				96FBC5C423A60BAF003C4068 /* Sources */,
				96FBC5C523A60BAF003C4068 /* Frameworks */,
				96FBC5C623A60BAF003C4068 /* Resources */,
				9CB601FB04A62620D0072CE2 /* [CP] Embed Pods Frameworks */,
			);
			buildRules = (
			);
			dependencies = (
			);
			name = GPCamp3;
			productName = GPCamp3;
			productReference = 96FBC5C823A60BAF003C4068 /* GPCamp3.app */;
			productType = "com.apple.product-type.application";
		};
/* End PBXNativeTarget section */

/* Begin PBXProject section */
		96FBC5C023A60BAE003C4068 /* Project object */ = {
			isa = PBXProject;
			attributes = {
				LastSwiftUpdateCheck = 1130;
				LastUpgradeCheck = 1130;
				ORGANIZATIONNAME = "Masahiro Okura";
				TargetAttributes = {
					96FBC5C723A60BAF003C4068 = {
						CreatedOnToolsVersion = 11.3;
					};
				};
			};
			buildConfigurationList = 96FBC5C323A60BAE003C4068 /* Build configuration list for PBXProject "GPCamp3" */;
			compatibilityVersion = "Xcode 9.3";
			developmentRegion = en;
			hasScannedForEncodings = 0;
			knownRegions = (
				en,
				Base,
			);
			mainGroup = 96FBC5BF23A60BAE003C4068;
			productRefGroup = 96FBC5C923A60BAF003C4068 /* Products */;
			projectDirPath = "";
			projectRoot = "";
			targets = (
				96FBC5C723A60BAF003C4068 /* GPCamp3 */,
			);
		};
/* End PBXProject section */

/* Begin PBXResourcesBuildPhase section */
		96FBC5C623A60BAF003C4068 /* Resources */ = {
			isa = PBXResourcesBuildPhase;
			buildActionMask = 2147483647;
			files = (
				96FBC5E223A60CA6003C4068 /* Main.storyboard in Resources */,
				9681794023A6138900F2EC11 /* Point.storyboard in Resources */,
				96FBC5D823A60BB0003C4068 /* LaunchScreen.storyboard in Resources */,
				96FBC5D523A60BB0003C4068 /* Assets.xcassets in Resources */,
				9665AE5023A60DBB0098DD3E /* Home.storyboard in Resources */,
				9665AE5223A60DD70098DD3E /* Rental.storyboard in Resources */,
				9681794223A613A800F2EC11 /* Config.storyboard in Resources */,
				9681793E23A6138100F2EC11 /* Map.storyboard in Resources */,
			);
			runOnlyForDeploymentPostprocessing = 0;
		};
/* End PBXResourcesBuildPhase section */

/* Begin PBXShellScriptBuildPhase section */
		575F2DA35ECB01A94F0F44CF /* [CP] Check Pods Manifest.lock */ = {
			isa = PBXShellScriptBuildPhase;
			buildActionMask = 2147483647;
			files = (
			);
			inputFileListPaths = (
			);
			inputPaths = (
				"${PODS_PODFILE_DIR_PATH}/Podfile.lock",
				"${PODS_ROOT}/Manifest.lock",
			);
			name = "[CP] Check Pods Manifest.lock";
			outputFileListPaths = (
			);
			outputPaths = (
				"$(DERIVED_FILE_DIR)/Pods-GPCamp3-checkManifestLockResult.txt",
			);
			runOnlyForDeploymentPostprocessing = 0;
			shellPath = /bin/sh;
			shellScript = "diff \"${PODS_PODFILE_DIR_PATH}/Podfile.lock\" \"${PODS_ROOT}/Manifest.lock\" > /dev/null\nif [ $? != 0 ] ; then\n    # print error to STDERR\n    echo \"error: The sandbox is not in sync with the Podfile.lock. Run 'pod install' or update your CocoaPods installation.\" >&2\n    exit 1\nfi\n# This output is used by Xcode 'outputs' to avoid re-running this script phase.\necho \"SUCCESS\" > \"${SCRIPT_OUTPUT_FILE_0}\"\n";
			showEnvVarsInLog = 0;
		};
		9CB601FB04A62620D0072CE2 /* [CP] Embed Pods Frameworks */ = {
			isa = PBXShellScriptBuildPhase;
			buildActionMask = 2147483647;
			files = (
			);
			inputFileListPaths = (
				"${PODS_ROOT}/Target Support Files/Pods-GPCamp3/Pods-GPCamp3-frameworks-${CONFIGURATION}-input-files.xcfilelist",
			);
			name = "[CP] Embed Pods Frameworks";
			outputFileListPaths = (
				"${PODS_ROOT}/Target Support Files/Pods-GPCamp3/Pods-GPCamp3-frameworks-${CONFIGURATION}-output-files.xcfilelist",
			);
			runOnlyForDeploymentPostprocessing = 0;
			shellPath = /bin/sh;
			shellScript = "\"${PODS_ROOT}/Target Support Files/Pods-GPCamp3/Pods-GPCamp3-frameworks.sh\"\n";
			showEnvVarsInLog = 0;
		};
/* End PBXShellScriptBuildPhase section */

/* Begin PBXSourcesBuildPhase section */
		96FBC5C423A60BAF003C4068 /* Sources */ = {
			isa = PBXSourcesBuildPhase;
			buildActionMask = 2147483647;
			files = (
				96F5D33923ADB649002E75DC /* RentalDetailViewController.swift in Sources */,
				96FBC5CC23A60BAF003C4068 /* AppDelegate.swift in Sources */,
				96FBC5CE23A60BAF003C4068 /* SceneDelegate.swift in Sources */,
				9665AE5623A60DFE0098DD3E /* RentalViewController.swift in Sources */,
				9669A1B423AC8841008A6944 /* MapSelectClass.swift in Sources */,
				9681794623A613C700F2EC11 /* PointViewController.swift in Sources */,
				9681794823A613D100F2EC11 /* ConfigViewController.swift in Sources */,
				9681794423A613BD00F2EC11 /* MapViewController.swift in Sources */,
				9665AE5423A60DF10098DD3E /* HomeViewController.swift in Sources */,
			);
			runOnlyForDeploymentPostprocessing = 0;
		};
/* End PBXSourcesBuildPhase section */

/* Begin PBXVariantGroup section */
		96FBC5D623A60BB0003C4068 /* LaunchScreen.storyboard */ = {
			isa = PBXVariantGroup;
			children = (
				96FBC5D723A60BB0003C4068 /* Base */,
			);
			name = LaunchScreen.storyboard;
			sourceTree = "<group>";
		};
/* End PBXVariantGroup section */

/* Begin XCBuildConfiguration section */
		96FBC5DA23A60BB0003C4068 /* Debug */ = {
			isa = XCBuildConfiguration;
			buildSettings = {
				ALWAYS_SEARCH_USER_PATHS = NO;
				CLANG_ANALYZER_NONNULL = YES;
				CLANG_ANALYZER_NUMBER_OBJECT_CONVERSION = YES_AGGRESSIVE;
				CLANG_CXX_LANGUAGE_STANDARD = "gnu++14";
				CLANG_CXX_LIBRARY = "libc++";
				CLANG_ENABLE_MODULES = YES;
				CLANG_ENABLE_OBJC_ARC = YES;
				CLANG_ENABLE_OBJC_WEAK = YES;
				CLANG_WARN_BLOCK_CAPTURE_AUTORELEASING = YES;
				CLANG_WARN_BOOL_CONVERSION = YES;
				CLANG_WARN_COMMA = YES;
				CLANG_WARN_CONSTANT_CONVERSION = YES;
				CLANG_WARN_DEPRECATED_OBJC_IMPLEMENTATIONS = YES;
				CLANG_WARN_DIRECT_OBJC_ISA_USAGE = YES_ERROR;
				CLANG_WARN_DOCUMENTATION_COMMENTS = YES;
				CLANG_WARN_EMPTY_BODY = YES;
				CLANG_WARN_ENUM_CONVERSION = YES;
				CLANG_WARN_INFINITE_RECURSION = YES;
				CLANG_WARN_INT_CONVERSION = YES;
				CLANG_WARN_NON_LITERAL_NULL_CONVERSION = YES;
				CLANG_WARN_OBJC_IMPLICIT_RETAIN_SELF = YES;
				CLANG_WARN_OBJC_LITERAL_CONVERSION = YES;
				CLANG_WARN_OBJC_ROOT_CLASS = YES_ERROR;
				CLANG_WARN_RANGE_LOOP_ANALYSIS = YES;
				CLANG_WARN_STRICT_PROTOTYPES = YES;
				CLANG_WARN_SUSPICIOUS_MOVE = YES;
				CLANG_WARN_UNGUARDED_AVAILABILITY = YES_AGGRESSIVE;
				CLANG_WARN_UNREACHABLE_CODE = YES;
				CLANG_WARN__DUPLICATE_METHOD_MATCH = YES;
				COPY_PHASE_STRIP = NO;
				DEBUG_INFORMATION_FORMAT = dwarf;
				ENABLE_STRICT_OBJC_MSGSEND = YES;
				ENABLE_TESTABILITY = YES;
				GCC_C_LANGUAGE_STANDARD = gnu11;
				GCC_DYNAMIC_NO_PIC = NO;
				GCC_NO_COMMON_BLOCKS = YES;
				GCC_OPTIMIZATION_LEVEL = 0;
				GCC_PREPROCESSOR_DEFINITIONS = (
					"DEBUG=1",
					"$(inherited)",
				);
				GCC_WARN_64_TO_32_BIT_CONVERSION = YES;
				GCC_WARN_ABOUT_RETURN_TYPE = YES_ERROR;
				GCC_WARN_UNDECLARED_SELECTOR = YES;
				GCC_WARN_UNINITIALIZED_AUTOS = YES_AGGRESSIVE;
				GCC_WARN_UNUSED_FUNCTION = YES;
				GCC_WARN_UNUSED_VARIABLE = YES;
				IPHONEOS_DEPLOYMENT_TARGET = 13.2;
				MTL_ENABLE_DEBUG_INFO = INCLUDE_SOURCE;
				MTL_FAST_MATH = YES;
				ONLY_ACTIVE_ARCH = YES;
				SDKROOT = iphoneos;
				SWIFT_ACTIVE_COMPILATION_CONDITIONS = DEBUG;
				SWIFT_OPTIMIZATION_LEVEL = "-Onone";
			};
			name = Debug;
		};
		96FBC5DB23A60BB0003C4068 /* Release */ = {
			isa = XCBuildConfiguration;
			buildSettings = {
				ALWAYS_SEARCH_USER_PATHS = NO;
				CLANG_ANALYZER_NONNULL = YES;
				CLANG_ANALYZER_NUMBER_OBJECT_CONVERSION = YES_AGGRESSIVE;
				CLANG_CXX_LANGUAGE_STANDARD = "gnu++14";
				CLANG_CXX_LIBRARY = "libc++";
				CLANG_ENABLE_MODULES = YES;
				CLANG_ENABLE_OBJC_ARC = YES;
				CLANG_ENABLE_OBJC_WEAK = YES;
				CLANG_WARN_BLOCK_CAPTURE_AUTORELEASING = YES;
				CLANG_WARN_BOOL_CONVERSION = YES;
				CLANG_WARN_COMMA = YES;
				CLANG_WARN_CONSTANT_CONVERSION = YES;
				CLANG_WARN_DEPRECATED_OBJC_IMPLEMENTATIONS = YES;
				CLANG_WARN_DIRECT_OBJC_ISA_USAGE = YES_ERROR;
				CLANG_WARN_DOCUMENTATION_COMMENTS = YES;
				CLANG_WARN_EMPTY_BODY = YES;
				CLANG_WARN_ENUM_CONVERSION = YES;
				CLANG_WARN_INFINITE_RECURSION = YES;
				CLANG_WARN_INT_CONVERSION = YES;
				CLANG_WARN_NON_LITERAL_NULL_CONVERSION = YES;
				CLANG_WARN_OBJC_IMPLICIT_RETAIN_SELF = YES;
				CLANG_WARN_OBJC_LITERAL_CONVERSION = YES;
				CLANG_WARN_OBJC_ROOT_CLASS = YES_ERROR;
				CLANG_WARN_RANGE_LOOP_ANALYSIS = YES;
				CLANG_WARN_STRICT_PROTOTYPES = YES;
				CLANG_WARN_SUSPICIOUS_MOVE = YES;
				CLANG_WARN_UNGUARDED_AVAILABILITY = YES_AGGRESSIVE;
				CLANG_WARN_UNREACHABLE_CODE = YES;
				CLANG_WARN__DUPLICATE_METHOD_MATCH = YES;
				COPY_PHASE_STRIP = NO;
				DEBUG_INFORMATION_FORMAT = "dwarf-with-dsym";
				ENABLE_NS_ASSERTIONS = NO;
				ENABLE_STRICT_OBJC_MSGSEND = YES;
				GCC_C_LANGUAGE_STANDARD = gnu11;
				GCC_NO_COMMON_BLOCKS = YES;
				GCC_WARN_64_TO_32_BIT_CONVERSION = YES;
				GCC_WARN_ABOUT_RETURN_TYPE = YES_ERROR;
				GCC_WARN_UNDECLARED_SELECTOR = YES;
				GCC_WARN_UNINITIALIZED_AUTOS = YES_AGGRESSIVE;
				GCC_WARN_UNUSED_FUNCTION = YES;
				GCC_WARN_UNUSED_VARIABLE = YES;
				IPHONEOS_DEPLOYMENT_TARGET = 13.2;
				MTL_ENABLE_DEBUG_INFO = NO;
				MTL_FAST_MATH = YES;
				SDKROOT = iphoneos;
				SWIFT_COMPILATION_MODE = wholemodule;
				SWIFT_OPTIMIZATION_LEVEL = "-O";
				VALIDATE_PRODUCT = YES;
			};
			name = Release;
		};
		96FBC5DD23A60BB0003C4068 /* Debug */ = {
			isa = XCBuildConfiguration;
			baseConfigurationReference = 92658F0D474E8149EEB54616 /* Pods-GPCamp3.debug.xcconfig */;
			buildSettings = {
				ASSETCATALOG_COMPILER_APPICON_NAME = AppIcon;
				CODE_SIGN_STYLE = Automatic;
				DEVELOPMENT_TEAM = 99Z6MBRC76;
				INFOPLIST_FILE = GPCamp3/Info.plist;
				LD_RUNPATH_SEARCH_PATHS = (
					"$(inherited)",
					"@executable_path/Frameworks",
				);
				PRODUCT_BUNDLE_IDENTIFIER = com.okstore.GPCamp3;
				PRODUCT_NAME = "$(TARGET_NAME)";
				SWIFT_VERSION = 5.0;
				TARGETED_DEVICE_FAMILY = "1,2";
			};
			name = Debug;
		};
		96FBC5DE23A60BB0003C4068 /* Release */ = {
			isa = XCBuildConfiguration;
			baseConfigurationReference = 50A24E4807B4F2A3D7B37120 /* Pods-GPCamp3.release.xcconfig */;
			buildSettings = {
				ASSETCATALOG_COMPILER_APPICON_NAME = AppIcon;
				CODE_SIGN_STYLE = Automatic;
				DEVELOPMENT_TEAM = 99Z6MBRC76;
				INFOPLIST_FILE = GPCamp3/Info.plist;
				LD_RUNPATH_SEARCH_PATHS = (
					"$(inherited)",
					"@executable_path/Frameworks",
				);
				PRODUCT_BUNDLE_IDENTIFIER = com.okstore.GPCamp3;
				PRODUCT_NAME = "$(TARGET_NAME)";
				SWIFT_VERSION = 5.0;
				TARGETED_DEVICE_FAMILY = "1,2";
			};
			name = Release;
		};
/* End XCBuildConfiguration section */

/* Begin XCConfigurationList section */
		96FBC5C323A60BAE003C4068 /* Build configuration list for PBXProject "GPCamp3" */ = {
			isa = XCConfigurationList;
			buildConfigurations = (
				96FBC5DA23A60BB0003C4068 /* Debug */,
				96FBC5DB23A60BB0003C4068 /* Release */,
			);
			defaultConfigurationIsVisible = 0;
			defaultConfigurationName = Release;
		};
		96FBC5DC23A60BB0003C4068 /* Build configuration list for PBXNativeTarget "GPCamp3" */ = {
			isa = XCConfigurationList;
			buildConfigurations = (
				96FBC5DD23A60BB0003C4068 /* Debug */,
				96FBC5DE23A60BB0003C4068 /* Release */,
			);
			defaultConfigurationIsVisible = 0;
			defaultConfigurationName = Release;
		};
/* End XCConfigurationList section */
	};
	rootObject = 96FBC5C023A60BAE003C4068 /* Project object */;
}
